
Microsoft Visual Studio Solution File, Format Version 12.00
# Visual Studio Version 17
VisualStudioVersion = 17.3.32901.215
MinimumVisualStudioVersion = 10.0.40219.1
Project("{FAE04EC0-301F-11D3-BF4B-00C04F79EFBC}") = "filehandlin", "filehandlin.csproj", "{A45AE38A-F259-4DE3-BC08-52FCC4ACCDEC}"
EndProject
Global
	GlobalSection(SolutionConfigurationPlatforms) = preSolution
		Debug|Any CPU = Debug|Any CPU
		Release|Any CPU = Release|Any CPU
	EndGlobalSection
	GlobalSection(ProjectConfigurationPlatforms) = postSolution
		{A45AE38A-F259-4DE3-BC08-52FCC4ACCDEC}.Debug|Any CPU.ActiveCfg = Debug|Any CPU
		{A45AE38A-F259-4DE3-BC08-52FCC4ACCDEC}.Debug|Any CPU.Build.0 = Debug|Any CPU
		{A45AE38A-F259-4DE3-BC08-52FCC4ACCDEC}.Release|Any CPU.ActiveCfg = Release|Any CPU
		{A45AE38A-F259-4DE3-BC08-52FCC4ACCDEC}.Release|Any CPU.Build.0 = Release|Any CPU
	EndGlobalSection
	GlobalSection(SolutionProperties) = preSolution
		HideSolutionNode = FALSE
	EndGlobalSection
	GlobalSection(ExtensibilityGlobals) = postSolution
		SolutionGuid = {5A3EE744-486B-4C64-9FF3-963B53E9D707}
	EndGlobalSection
EndGlobal
