
Microsoft Visual Studio Solution File, Format Version 12.00
# Visual Studio Version 17
VisualStudioVersion = 17.3.32901.215
MinimumVisualStudioVersion = 10.0.40219.1
Project("{FAE04EC0-301F-11D3-BF4B-00C04F79EFBC}") = "Evalq2phonebook", "Evalq2phonebook.csproj", "{C059EBAF-F732-4781-B20E-28DBA515A525}"
EndProject
Global
	GlobalSection(SolutionConfigurationPlatforms) = preSolution
		Debug|Any CPU = Debug|Any CPU
		Release|Any CPU = Release|Any CPU
	EndGlobalSection
	GlobalSection(ProjectConfigurationPlatforms) = postSolution
		{C059EBAF-F732-4781-B20E-28DBA515A525}.Debug|Any CPU.ActiveCfg = Debug|Any CPU
		{C059EBAF-F732-4781-B20E-28DBA515A525}.Debug|Any CPU.Build.0 = Debug|Any CPU
		{C059EBAF-F732-4781-B20E-28DBA515A525}.Release|Any CPU.ActiveCfg = Release|Any CPU
		{C059EBAF-F732-4781-B20E-28DBA515A525}.Release|Any CPU.Build.0 = Release|Any CPU
	EndGlobalSection
	GlobalSection(SolutionProperties) = preSolution
		HideSolutionNode = FALSE
	EndGlobalSection
	GlobalSection(ExtensibilityGlobals) = postSolution
		SolutionGuid = {1C10BF15-1B71-43F6-98DE-2E733DA9F19C}
	EndGlobalSection
EndGlobal
