
Microsoft Visual Studio Solution File, Format Version 12.00
# Visual Studio Version 17
VisualStudioVersion = 17.3.32901.215
MinimumVisualStudioVersion = 10.0.40219.1
Project("{FAE04EC0-301F-11D3-BF4B-00C04F79EFBC}") = "Evalq5", "Evalq5.csproj", "{17269471-8A7B-46F1-A8BE-AE47A93200E5}"
EndProject
Global
	GlobalSection(SolutionConfigurationPlatforms) = preSolution
		Debug|Any CPU = Debug|Any CPU
		Release|Any CPU = Release|Any CPU
	EndGlobalSection
	GlobalSection(ProjectConfigurationPlatforms) = postSolution
		{17269471-8A7B-46F1-A8BE-AE47A93200E5}.Debug|Any CPU.ActiveCfg = Debug|Any CPU
		{17269471-8A7B-46F1-A8BE-AE47A93200E5}.Debug|Any CPU.Build.0 = Debug|Any CPU
		{17269471-8A7B-46F1-A8BE-AE47A93200E5}.Release|Any CPU.ActiveCfg = Release|Any CPU
		{17269471-8A7B-46F1-A8BE-AE47A93200E5}.Release|Any CPU.Build.0 = Release|Any CPU
	EndGlobalSection
	GlobalSection(SolutionProperties) = preSolution
		HideSolutionNode = FALSE
	EndGlobalSection
	GlobalSection(ExtensibilityGlobals) = postSolution
		SolutionGuid = {2ACCCCE9-3F93-4AD4-897F-7CBCD971E3C7}
	EndGlobalSection
EndGlobal
