
Microsoft Visual Studio Solution File, Format Version 12.00
# Visual Studio Version 17
VisualStudioVersion = 17.3.32901.215
MinimumVisualStudioVersion = 10.0.40219.1
Project("{FAE04EC0-301F-11D3-BF4B-00C04F79EFBC}") = "order", "order.csproj", "{AF6A6B0E-F02E-4B9D-9833-52DC3A401CD0}"
EndProject
Global
	GlobalSection(SolutionConfigurationPlatforms) = preSolution
		Debug|Any CPU = Debug|Any CPU
		Release|Any CPU = Release|Any CPU
	EndGlobalSection
	GlobalSection(ProjectConfigurationPlatforms) = postSolution
		{AF6A6B0E-F02E-4B9D-9833-52DC3A401CD0}.Debug|Any CPU.ActiveCfg = Debug|Any CPU
		{AF6A6B0E-F02E-4B9D-9833-52DC3A401CD0}.Debug|Any CPU.Build.0 = Debug|Any CPU
		{AF6A6B0E-F02E-4B9D-9833-52DC3A401CD0}.Release|Any CPU.ActiveCfg = Release|Any CPU
		{AF6A6B0E-F02E-4B9D-9833-52DC3A401CD0}.Release|Any CPU.Build.0 = Release|Any CPU
	EndGlobalSection
	GlobalSection(SolutionProperties) = preSolution
		HideSolutionNode = FALSE
	EndGlobalSection
	GlobalSection(ExtensibilityGlobals) = postSolution
		SolutionGuid = {0248CDD1-F932-49E0-88EC-6B1D8D6F9CD9}
	EndGlobalSection
EndGlobal
